
Microsoft Visual Studio Solution File, Format Version 12.00
# Visual Studio Version 17
VisualStudioVersion = 17.5.33530.505
MinimumVisualStudioVersion = 10.0.40219.1
Project("{2150E333-8FDC-42A3-9474-1A3956D46DE8}") = "03_Domain", "03_Domain", "{D6A3CC25-75BD-4915-9E10-535A9E8B9954}"
EndProject
Project("{9A19103F-16F7-4668-BE54-9A1E7A4F7556}") = "Siderum.Domain", "Siderun.Domain\Siderum.Domain.csproj", "{E7F134AA-B068-4ACE-B4D1-08152E860DAD}"
EndProject
Project("{2150E333-8FDC-42A3-9474-1A3956D46DE8}") = "04_Infra", "04_Infra", "{491A5417-A347-4854-82EF-6340DB5B35C5}"
EndProject
Project("{9A19103F-16F7-4668-BE54-9A1E7A4F7556}") = "Siderum.Infra", "Siderum.Infra\Siderum.Infra.csproj", "{71B1B0FB-C0C1-4CB1-BFB8-5CCCA7B4BD5F}"
EndProject
Project("{2150E333-8FDC-42A3-9474-1A3956D46DE8}") = "05_IoC", "05_IoC", "{490457FD-43CC-4E14-B463-5EC3255BFF64}"
EndProject
Project("{2150E333-8FDC-42A3-9474-1A3956D46DE8}") = "02_Application", "02_Application", "{EE40AEBF-2C91-46A3-BCBA-9D555CE14CBF}"
EndProject
Project("{FAE04EC0-301F-11D3-BF4B-00C04F79EFBC}") = "PlanBia.IoC", "PlanBia.IoC\PlanBia.IoC.csproj", "{3B2BB123-1B0E-4E14-B814-71A67DE5F709}"
EndProject
Project("{FAE04EC0-301F-11D3-BF4B-00C04F79EFBC}") = "PlanBia.Application", "PlanBia.Application\PlanBia.Application.csproj", "{81DC8498-B1C1-42D1-A9B6-4C05F01A368F}"
EndProject
Project("{2150E333-8FDC-42A3-9474-1A3956D46DE8}") = "01_Api", "01_Api", "{AD5A11F9-6868-4079-8A77-7B25FCA78DF1}"
EndProject
Project("{FAE04EC0-301F-11D3-BF4B-00C04F79EFBC}") = "PlanBia.Api", "PlanBia.Api\PlanBia.Api.csproj", "{00841CDC-4BA1-451C-8536-D10D80FB0957}"
EndProject
Global
	GlobalSection(SolutionConfigurationPlatforms) = preSolution
		Debug|Any CPU = Debug|Any CPU
		Release|Any CPU = Release|Any CPU
	EndGlobalSection
	GlobalSection(ProjectConfigurationPlatforms) = postSolution
		{E7F134AA-B068-4ACE-B4D1-08152E860DAD}.Debug|Any CPU.ActiveCfg = Debug|Any CPU
		{E7F134AA-B068-4ACE-B4D1-08152E860DAD}.Debug|Any CPU.Build.0 = Debug|Any CPU
		{E7F134AA-B068-4ACE-B4D1-08152E860DAD}.Release|Any CPU.ActiveCfg = Release|Any CPU
		{E7F134AA-B068-4ACE-B4D1-08152E860DAD}.Release|Any CPU.Build.0 = Release|Any CPU
		{71B1B0FB-C0C1-4CB1-BFB8-5CCCA7B4BD5F}.Debug|Any CPU.ActiveCfg = Debug|Any CPU
		{71B1B0FB-C0C1-4CB1-BFB8-5CCCA7B4BD5F}.Debug|Any CPU.Build.0 = Debug|Any CPU
		{71B1B0FB-C0C1-4CB1-BFB8-5CCCA7B4BD5F}.Release|Any CPU.ActiveCfg = Release|Any CPU
		{71B1B0FB-C0C1-4CB1-BFB8-5CCCA7B4BD5F}.Release|Any CPU.Build.0 = Release|Any CPU
		{3B2BB123-1B0E-4E14-B814-71A67DE5F709}.Debug|Any CPU.ActiveCfg = Debug|Any CPU
		{3B2BB123-1B0E-4E14-B814-71A67DE5F709}.Debug|Any CPU.Build.0 = Debug|Any CPU
		{3B2BB123-1B0E-4E14-B814-71A67DE5F709}.Release|Any CPU.ActiveCfg = Release|Any CPU
		{3B2BB123-1B0E-4E14-B814-71A67DE5F709}.Release|Any CPU.Build.0 = Release|Any CPU
		{81DC8498-B1C1-42D1-A9B6-4C05F01A368F}.Debug|Any CPU.ActiveCfg = Debug|Any CPU
		{81DC8498-B1C1-42D1-A9B6-4C05F01A368F}.Debug|Any CPU.Build.0 = Debug|Any CPU
		{81DC8498-B1C1-42D1-A9B6-4C05F01A368F}.Release|Any CPU.ActiveCfg = Release|Any CPU
		{81DC8498-B1C1-42D1-A9B6-4C05F01A368F}.Release|Any CPU.Build.0 = Release|Any CPU
		{00841CDC-4BA1-451C-8536-D10D80FB0957}.Debug|Any CPU.ActiveCfg = Debug|Any CPU
		{00841CDC-4BA1-451C-8536-D10D80FB0957}.Debug|Any CPU.Build.0 = Debug|Any CPU
		{00841CDC-4BA1-451C-8536-D10D80FB0957}.Release|Any CPU.ActiveCfg = Release|Any CPU
		{00841CDC-4BA1-451C-8536-D10D80FB0957}.Release|Any CPU.Build.0 = Release|Any CPU
	EndGlobalSection
	GlobalSection(SolutionProperties) = preSolution
		HideSolutionNode = FALSE
	EndGlobalSection
	GlobalSection(NestedProjects) = preSolution
		{E7F134AA-B068-4ACE-B4D1-08152E860DAD} = {D6A3CC25-75BD-4915-9E10-535A9E8B9954}
		{71B1B0FB-C0C1-4CB1-BFB8-5CCCA7B4BD5F} = {491A5417-A347-4854-82EF-6340DB5B35C5}
		{3B2BB123-1B0E-4E14-B814-71A67DE5F709} = {490457FD-43CC-4E14-B463-5EC3255BFF64}
		{81DC8498-B1C1-42D1-A9B6-4C05F01A368F} = {EE40AEBF-2C91-46A3-BCBA-9D555CE14CBF}
		{00841CDC-4BA1-451C-8536-D10D80FB0957} = {AD5A11F9-6868-4079-8A77-7B25FCA78DF1}
	EndGlobalSection
	GlobalSection(ExtensibilityGlobals) = postSolution
		SolutionGuid = {790BC264-BAAF-48F1-B646-A13994BA647A}
	EndGlobalSection
EndGlobal
